
Microsoft Visual Studio Solution File, Format Version 12.00
Project("{FAE04EC0-301F-11D3-BF4B-00C04F79EFBC}") = "Assembly-Browser", "Assembly-Browser\Assembly-Browser.csproj", "{EB494ED4-5DFB-443B-A7C3-FB7A127BFB78}"
EndProject
Global
	GlobalSection(SolutionConfigurationPlatforms) = preSolution
		Debug|Any CPU = Debug|Any CPU
		Release|Any CPU = Release|Any CPU
	EndGlobalSection
	GlobalSection(ProjectConfigurationPlatforms) = postSolution
		{EB494ED4-5DFB-443B-A7C3-FB7A127BFB78}.Debug|Any CPU.ActiveCfg = Debug|Any CPU
		{EB494ED4-5DFB-443B-A7C3-FB7A127BFB78}.Debug|Any CPU.Build.0 = Debug|Any CPU
		{EB494ED4-5DFB-443B-A7C3-FB7A127BFB78}.Release|Any CPU.ActiveCfg = Release|Any CPU
		{EB494ED4-5DFB-443B-A7C3-FB7A127BFB78}.Release|Any CPU.Build.0 = Release|Any CPU
	EndGlobalSection
EndGlobal
